
Microsoft Visual Studio Solution File, Format Version 12.00
# Visual Studio 14
VisualStudioVersion = 14.0.25420.1
MinimumVisualStudioVersion = 10.0.40219.1
Project("{FAE04EC0-301F-11D3-BF4B-00C04F79EFBC}") = "Phoneword", "Phoneword\Phoneword\Phoneword.csproj", "{38ECB9E3-3789-4AEE-8248-42F9E862164C}"
EndProject
Project("{FAE04EC0-301F-11D3-BF4B-00C04F79EFBC}") = "Phoneword.Droid", "Phoneword\Phoneword.Droid\Phoneword.Droid.csproj", "{804A83E2-4C77-4B4F-91C7-9DA713267D1D}"
EndProject
Project("{FAE04EC0-301F-11D3-BF4B-00C04F79EFBC}") = "Phoneword.iOS", "Phoneword\Phoneword.iOS\Phoneword.iOS.csproj", "{DD53FFA6-B487-438A-91C1-9449986242E9}"
EndProject
Project("{FAE04EC0-301F-11D3-BF4B-00C04F79EFBC}") = "Phoneword.WinPhone", "Phoneword\Phoneword.WinPhone\Phoneword.WinPhone.csproj", "{4EAF6ABA-7CA4-4674-9E48-BEDFA3551BA4}"
EndProject
Project("{FAE04EC0-301F-11D3-BF4B-00C04F79EFBC}") = "Phoneword.Windows", "Phoneword\Phoneword.Windows\Phoneword.Windows.csproj", "{2834B179-7FAD-4A8D-8F53-2EE8053F054A}"
EndProject
Global
	GlobalSection(SolutionConfigurationPlatforms) = preSolution
		Ad-Hoc|Any CPU = Ad-Hoc|Any CPU
		Ad-Hoc|ARM = Ad-Hoc|ARM
		Ad-Hoc|iPhone = Ad-Hoc|iPhone
		Ad-Hoc|iPhoneSimulator = Ad-Hoc|iPhoneSimulator
		Ad-Hoc|x64 = Ad-Hoc|x64
		Ad-Hoc|x86 = Ad-Hoc|x86
		AppStore|Any CPU = AppStore|Any CPU
		AppStore|ARM = AppStore|ARM
		AppStore|iPhone = AppStore|iPhone
		AppStore|iPhoneSimulator = AppStore|iPhoneSimulator
		AppStore|x64 = AppStore|x64
		AppStore|x86 = AppStore|x86
		Debug|Any CPU = Debug|Any CPU
		Debug|ARM = Debug|ARM
		Debug|iPhone = Debug|iPhone
		Debug|iPhoneSimulator = Debug|iPhoneSimulator
		Debug|x64 = Debug|x64
		Debug|x86 = Debug|x86
		Release|Any CPU = Release|Any CPU
		Release|ARM = Release|ARM
		Release|iPhone = Release|iPhone
		Release|iPhoneSimulator = Release|iPhoneSimulator
		Release|x64 = Release|x64
		Release|x86 = Release|x86
	EndGlobalSection
	GlobalSection(ProjectConfigurationPlatforms) = postSolution
		{38ECB9E3-3789-4AEE-8248-42F9E862164C}.Ad-Hoc|Any CPU.ActiveCfg = Release|Any CPU
		{38ECB9E3-3789-4AEE-8248-42F9E862164C}.Ad-Hoc|Any CPU.Build.0 = Release|Any CPU
		{38ECB9E3-3789-4AEE-8248-42F9E862164C}.Ad-Hoc|ARM.ActiveCfg = Release|Any CPU
		{38ECB9E3-3789-4AEE-8248-42F9E862164C}.Ad-Hoc|ARM.Build.0 = Release|Any CPU
		{38ECB9E3-3789-4AEE-8248-42F9E862164C}.Ad-Hoc|iPhone.ActiveCfg = Release|Any CPU
		{38ECB9E3-3789-4AEE-8248-42F9E862164C}.Ad-Hoc|iPhone.Build.0 = Release|Any CPU
		{38ECB9E3-3789-4AEE-8248-42F9E862164C}.Ad-Hoc|iPhoneSimulator.ActiveCfg = Release|Any CPU
		{38ECB9E3-3789-4AEE-8248-42F9E862164C}.Ad-Hoc|iPhoneSimulator.Build.0 = Release|Any CPU
		{38ECB9E3-3789-4AEE-8248-42F9E862164C}.Ad-Hoc|x64.ActiveCfg = Release|Any CPU
		{38ECB9E3-3789-4AEE-8248-42F9E862164C}.Ad-Hoc|x64.Build.0 = Release|Any CPU
		{38ECB9E3-3789-4AEE-8248-42F9E862164C}.Ad-Hoc|x86.ActiveCfg = Release|Any CPU
		{38ECB9E3-3789-4AEE-8248-42F9E862164C}.Ad-Hoc|x86.Build.0 = Release|Any CPU
		{38ECB9E3-3789-4AEE-8248-42F9E862164C}.AppStore|Any CPU.ActiveCfg = Release|Any CPU
		{38ECB9E3-3789-4AEE-8248-42F9E862164C}.AppStore|Any CPU.Build.0 = Release|Any CPU
		{38ECB9E3-3789-4AEE-8248-42F9E862164C}.AppStore|ARM.ActiveCfg = Release|Any CPU
		{38ECB9E3-3789-4AEE-8248-42F9E862164C}.AppStore|ARM.Build.0 = Release|Any CPU
		{38ECB9E3-3789-4AEE-8248-42F9E862164C}.AppStore|iPhone.ActiveCfg = Release|Any CPU
		{38ECB9E3-3789-4AEE-8248-42F9E862164C}.AppStore|iPhone.Build.0 = Release|Any CPU
		{38ECB9E3-3789-4AEE-8248-42F9E862164C}.AppStore|iPhoneSimulator.ActiveCfg = Release|Any CPU
		{38ECB9E3-3789-4AEE-8248-42F9E862164C}.AppStore|iPhoneSimulator.Build.0 = Release|Any CPU
		{38ECB9E3-3789-4AEE-8248-42F9E862164C}.AppStore|x64.ActiveCfg = Release|Any CPU
		{38ECB9E3-3789-4AEE-8248-42F9E862164C}.AppStore|x64.Build.0 = Release|Any CPU
		{38ECB9E3-3789-4AEE-8248-42F9E862164C}.AppStore|x86.ActiveCfg = Release|Any CPU
		{38ECB9E3-3789-4AEE-8248-42F9E862164C}.AppStore|x86.Build.0 = Release|Any CPU
		{38ECB9E3-3789-4AEE-8248-42F9E862164C}.Debug|Any CPU.ActiveCfg = Debug|Any CPU
		{38ECB9E3-3789-4AEE-8248-42F9E862164C}.Debug|Any CPU.Build.0 = Debug|Any CPU
		{38ECB9E3-3789-4AEE-8248-42F9E862164C}.Debug|ARM.ActiveCfg = Debug|Any CPU
		{38ECB9E3-3789-4AEE-8248-42F9E862164C}.Debug|ARM.Build.0 = Debug|Any CPU
		{38ECB9E3-3789-4AEE-8248-42F9E862164C}.Debug|iPhone.ActiveCfg = Debug|Any CPU
		{38ECB9E3-3789-4AEE-8248-42F9E862164C}.Debug|iPhone.Build.0 = Debug|Any CPU
		{38ECB9E3-3789-4AEE-8248-42F9E862164C}.Debug|iPhoneSimulator.ActiveCfg = Debug|Any CPU
		{38ECB9E3-3789-4AEE-8248-42F9E862164C}.Debug|iPhoneSimulator.Build.0 = Debug|Any CPU
		{38ECB9E3-3789-4AEE-8248-42F9E862164C}.Debug|x64.ActiveCfg = Debug|Any CPU
		{38ECB9E3-3789-4AEE-8248-42F9E862164C}.Debug|x64.Build.0 = Debug|Any CPU
		{38ECB9E3-3789-4AEE-8248-42F9E862164C}.Debug|x86.ActiveCfg = Debug|Any CPU
		{38ECB9E3-3789-4AEE-8248-42F9E862164C}.Debug|x86.Build.0 = Debug|Any CPU
		{38ECB9E3-3789-4AEE-8248-42F9E862164C}.Release|Any CPU.ActiveCfg = Release|Any CPU
		{38ECB9E3-3789-4AEE-8248-42F9E862164C}.Release|Any CPU.Build.0 = Release|Any CPU
		{38ECB9E3-3789-4AEE-8248-42F9E862164C}.Release|ARM.ActiveCfg = Release|Any CPU
		{38ECB9E3-3789-4AEE-8248-42F9E862164C}.Release|ARM.Build.0 = Release|Any CPU
		{38ECB9E3-3789-4AEE-8248-42F9E862164C}.Release|iPhone.ActiveCfg = Release|Any CPU
		{38ECB9E3-3789-4AEE-8248-42F9E862164C}.Release|iPhone.Build.0 = Release|Any CPU
		{38ECB9E3-3789-4AEE-8248-42F9E862164C}.Release|iPhoneSimulator.ActiveCfg = Release|Any CPU
		{38ECB9E3-3789-4AEE-8248-42F9E862164C}.Release|iPhoneSimulator.Build.0 = Release|Any CPU
		{38ECB9E3-3789-4AEE-8248-42F9E862164C}.Release|x64.ActiveCfg = Release|Any CPU
		{38ECB9E3-3789-4AEE-8248-42F9E862164C}.Release|x64.Build.0 = Release|Any CPU
		{38ECB9E3-3789-4AEE-8248-42F9E862164C}.Release|x86.ActiveCfg = Release|Any CPU
		{38ECB9E3-3789-4AEE-8248-42F9E862164C}.Release|x86.Build.0 = Release|Any CPU
		{804A83E2-4C77-4B4F-91C7-9DA713267D1D}.Ad-Hoc|Any CPU.ActiveCfg = Release|Any CPU
		{804A83E2-4C77-4B4F-91C7-9DA713267D1D}.Ad-Hoc|Any CPU.Build.0 = Release|Any CPU
		{804A83E2-4C77-4B4F-91C7-9DA713267D1D}.Ad-Hoc|Any CPU.Deploy.0 = Release|Any CPU
		{804A83E2-4C77-4B4F-91C7-9DA713267D1D}.Ad-Hoc|ARM.ActiveCfg = Release|Any CPU
		{804A83E2-4C77-4B4F-91C7-9DA713267D1D}.Ad-Hoc|ARM.Build.0 = Release|Any CPU
		{804A83E2-4C77-4B4F-91C7-9DA713267D1D}.Ad-Hoc|ARM.Deploy.0 = Release|Any CPU
		{804A83E2-4C77-4B4F-91C7-9DA713267D1D}.Ad-Hoc|iPhone.ActiveCfg = Release|Any CPU
		{804A83E2-4C77-4B4F-91C7-9DA713267D1D}.Ad-Hoc|iPhone.Build.0 = Release|Any CPU
		{804A83E2-4C77-4B4F-91C7-9DA713267D1D}.Ad-Hoc|iPhone.Deploy.0 = Release|Any CPU
		{804A83E2-4C77-4B4F-91C7-9DA713267D1D}.Ad-Hoc|iPhoneSimulator.ActiveCfg = Release|Any CPU
		{804A83E2-4C77-4B4F-91C7-9DA713267D1D}.Ad-Hoc|iPhoneSimulator.Build.0 = Release|Any CPU
		{804A83E2-4C77-4B4F-91C7-9DA713267D1D}.Ad-Hoc|iPhoneSimulator.Deploy.0 = Release|Any CPU
		{804A83E2-4C77-4B4F-91C7-9DA713267D1D}.Ad-Hoc|x64.ActiveCfg = Release|Any CPU
		{804A83E2-4C77-4B4F-91C7-9DA713267D1D}.Ad-Hoc|x64.Build.0 = Release|Any CPU
		{804A83E2-4C77-4B4F-91C7-9DA713267D1D}.Ad-Hoc|x64.Deploy.0 = Release|Any CPU
		{804A83E2-4C77-4B4F-91C7-9DA713267D1D}.Ad-Hoc|x86.ActiveCfg = Release|Any CPU
		{804A83E2-4C77-4B4F-91C7-9DA713267D1D}.Ad-Hoc|x86.Build.0 = Release|Any CPU
		{804A83E2-4C77-4B4F-91C7-9DA713267D1D}.Ad-Hoc|x86.Deploy.0 = Release|Any CPU
		{804A83E2-4C77-4B4F-91C7-9DA713267D1D}.AppStore|Any CPU.ActiveCfg = Release|Any CPU
		{804A83E2-4C77-4B4F-91C7-9DA713267D1D}.AppStore|Any CPU.Build.0 = Release|Any CPU
		{804A83E2-4C77-4B4F-91C7-9DA713267D1D}.AppStore|Any CPU.Deploy.0 = Release|Any CPU
		{804A83E2-4C77-4B4F-91C7-9DA713267D1D}.AppStore|ARM.ActiveCfg = Release|Any CPU
		{804A83E2-4C77-4B4F-91C7-9DA713267D1D}.AppStore|ARM.Build.0 = Release|Any CPU
		{804A83E2-4C77-4B4F-91C7-9DA713267D1D}.AppStore|ARM.Deploy.0 = Release|Any CPU
		{804A83E2-4C77-4B4F-91C7-9DA713267D1D}.AppStore|iPhone.ActiveCfg = Release|Any CPU
		{804A83E2-4C77-4B4F-91C7-9DA713267D1D}.AppStore|iPhone.Build.0 = Release|Any CPU
		{804A83E2-4C77-4B4F-91C7-9DA713267D1D}.AppStore|iPhone.Deploy.0 = Release|Any CPU
		{804A83E2-4C77-4B4F-91C7-9DA713267D1D}.AppStore|iPhoneSimulator.ActiveCfg = Release|Any CPU
		{804A83E2-4C77-4B4F-91C7-9DA713267D1D}.AppStore|iPhoneSimulator.Build.0 = Release|Any CPU
		{804A83E2-4C77-4B4F-91C7-9DA713267D1D}.AppStore|iPhoneSimulator.Deploy.0 = Release|Any CPU
		{804A83E2-4C77-4B4F-91C7-9DA713267D1D}.AppStore|x64.ActiveCfg = Release|Any CPU
		{804A83E2-4C77-4B4F-91C7-9DA713267D1D}.AppStore|x64.Build.0 = Release|Any CPU
		{804A83E2-4C77-4B4F-91C7-9DA713267D1D}.AppStore|x64.Deploy.0 = Release|Any CPU
		{804A83E2-4C77-4B4F-91C7-9DA713267D1D}.AppStore|x86.ActiveCfg = Release|Any CPU
		{804A83E2-4C77-4B4F-91C7-9DA713267D1D}.AppStore|x86.Build.0 = Release|Any CPU
		{804A83E2-4C77-4B4F-91C7-9DA713267D1D}.AppStore|x86.Deploy.0 = Release|Any CPU
		{804A83E2-4C77-4B4F-91C7-9DA713267D1D}.Debug|Any CPU.ActiveCfg = Debug|Any CPU
		{804A83E2-4C77-4B4F-91C7-9DA713267D1D}.Debug|Any CPU.Build.0 = Debug|Any CPU
		{804A83E2-4C77-4B4F-91C7-9DA713267D1D}.Debug|Any CPU.Deploy.0 = Debug|Any CPU
		{804A83E2-4C77-4B4F-91C7-9DA713267D1D}.Debug|ARM.ActiveCfg = Debug|Any CPU
		{804A83E2-4C77-4B4F-91C7-9DA713267D1D}.Debug|ARM.Build.0 = Debug|Any CPU
		{804A83E2-4C77-4B4F-91C7-9DA713267D1D}.Debug|ARM.Deploy.0 = Debug|Any CPU
		{804A83E2-4C77-4B4F-91C7-9DA713267D1D}.Debug|iPhone.ActiveCfg = Debug|Any CPU
		{804A83E2-4C77-4B4F-91C7-9DA713267D1D}.Debug|iPhone.Build.0 = Debug|Any CPU
		{804A83E2-4C77-4B4F-91C7-9DA713267D1D}.Debug|iPhone.Deploy.0 = Debug|Any CPU
		{804A83E2-4C77-4B4F-91C7-9DA713267D1D}.Debug|iPhoneSimulator.ActiveCfg = Debug|Any CPU
		{804A83E2-4C77-4B4F-91C7-9DA713267D1D}.Debug|iPhoneSimulator.Build.0 = Debug|Any CPU
		{804A83E2-4C77-4B4F-91C7-9DA713267D1D}.Debug|iPhoneSimulator.Deploy.0 = Debug|Any CPU
		{804A83E2-4C77-4B4F-91C7-9DA713267D1D}.Debug|x64.ActiveCfg = Debug|Any CPU
		{804A83E2-4C77-4B4F-91C7-9DA713267D1D}.Debug|x64.Build.0 = Debug|Any CPU
		{804A83E2-4C77-4B4F-91C7-9DA713267D1D}.Debug|x64.Deploy.0 = Debug|Any CPU
		{804A83E2-4C77-4B4F-91C7-9DA713267D1D}.Debug|x86.ActiveCfg = Debug|Any CPU
		{804A83E2-4C77-4B4F-91C7-9DA713267D1D}.Debug|x86.Build.0 = Debug|Any CPU
		{804A83E2-4C77-4B4F-91C7-9DA713267D1D}.Debug|x86.Deploy.0 = Debug|Any CPU
		{804A83E2-4C77-4B4F-91C7-9DA713267D1D}.Release|Any CPU.ActiveCfg = Release|Any CPU
		{804A83E2-4C77-4B4F-91C7-9DA713267D1D}.Release|Any CPU.Build.0 = Release|Any CPU
		{804A83E2-4C77-4B4F-91C7-9DA713267D1D}.Release|Any CPU.Deploy.0 = Release|Any CPU
		{804A83E2-4C77-4B4F-91C7-9DA713267D1D}.Release|ARM.ActiveCfg = Release|Any CPU
		{804A83E2-4C77-4B4F-91C7-9DA713267D1D}.Release|ARM.Build.0 = Release|Any CPU
		{804A83E2-4C77-4B4F-91C7-9DA713267D1D}.Release|ARM.Deploy.0 = Release|Any CPU
		{804A83E2-4C77-4B4F-91C7-9DA713267D1D}.Release|iPhone.ActiveCfg = Release|Any CPU
		{804A83E2-4C77-4B4F-91C7-9DA713267D1D}.Release|iPhone.Build.0 = Release|Any CPU
		{804A83E2-4C77-4B4F-91C7-9DA713267D1D}.Release|iPhone.Deploy.0 = Release|Any CPU
		{804A83E2-4C77-4B4F-91C7-9DA713267D1D}.Release|iPhoneSimulator.ActiveCfg = Release|Any CPU
		{804A83E2-4C77-4B4F-91C7-9DA713267D1D}.Release|iPhoneSimulator.Build.0 = Release|Any CPU
		{804A83E2-4C77-4B4F-91C7-9DA713267D1D}.Release|iPhoneSimulator.Deploy.0 = Release|Any CPU
		{804A83E2-4C77-4B4F-91C7-9DA713267D1D}.Release|x64.ActiveCfg = Release|Any CPU
		{804A83E2-4C77-4B4F-91C7-9DA713267D1D}.Release|x64.Build.0 = Release|Any CPU
		{804A83E2-4C77-4B4F-91C7-9DA713267D1D}.Release|x64.Deploy.0 = Release|Any CPU
		{804A83E2-4C77-4B4F-91C7-9DA713267D1D}.Release|x86.ActiveCfg = Release|Any CPU
		{804A83E2-4C77-4B4F-91C7-9DA713267D1D}.Release|x86.Build.0 = Release|Any CPU
		{804A83E2-4C77-4B4F-91C7-9DA713267D1D}.Release|x86.Deploy.0 = Release|Any CPU
		{DD53FFA6-B487-438A-91C1-9449986242E9}.Ad-Hoc|Any CPU.ActiveCfg = Ad-Hoc|iPhone
		{DD53FFA6-B487-438A-91C1-9449986242E9}.Ad-Hoc|ARM.ActiveCfg = Ad-Hoc|iPhone
		{DD53FFA6-B487-438A-91C1-9449986242E9}.Ad-Hoc|iPhone.ActiveCfg = Ad-Hoc|iPhone
		{DD53FFA6-B487-438A-91C1-9449986242E9}.Ad-Hoc|iPhone.Build.0 = Ad-Hoc|iPhone
		{DD53FFA6-B487-438A-91C1-9449986242E9}.Ad-Hoc|iPhoneSimulator.ActiveCfg = Ad-Hoc|iPhoneSimulator
		{DD53FFA6-B487-438A-91C1-9449986242E9}.Ad-Hoc|iPhoneSimulator.Build.0 = Ad-Hoc|iPhoneSimulator
		{DD53FFA6-B487-438A-91C1-9449986242E9}.Ad-Hoc|x64.ActiveCfg = Ad-Hoc|iPhone
		{DD53FFA6-B487-438A-91C1-9449986242E9}.Ad-Hoc|x86.ActiveCfg = Ad-Hoc|iPhone
		{DD53FFA6-B487-438A-91C1-9449986242E9}.AppStore|Any CPU.ActiveCfg = AppStore|iPhone
		{DD53FFA6-B487-438A-91C1-9449986242E9}.AppStore|ARM.ActiveCfg = AppStore|iPhone
		{DD53FFA6-B487-438A-91C1-9449986242E9}.AppStore|iPhone.ActiveCfg = AppStore|iPhone
		{DD53FFA6-B487-438A-91C1-9449986242E9}.AppStore|iPhone.Build.0 = AppStore|iPhone
		{DD53FFA6-B487-438A-91C1-9449986242E9}.AppStore|iPhoneSimulator.ActiveCfg = AppStore|iPhoneSimulator
		{DD53FFA6-B487-438A-91C1-9449986242E9}.AppStore|iPhoneSimulator.Build.0 = AppStore|iPhoneSimulator
		{DD53FFA6-B487-438A-91C1-9449986242E9}.AppStore|x64.ActiveCfg = AppStore|iPhone
		{DD53FFA6-B487-438A-91C1-9449986242E9}.AppStore|x86.ActiveCfg = AppStore|iPhone
		{DD53FFA6-B487-438A-91C1-9449986242E9}.Debug|Any CPU.ActiveCfg = Debug|iPhone
		{DD53FFA6-B487-438A-91C1-9449986242E9}.Debug|ARM.ActiveCfg = Debug|iPhone
		{DD53FFA6-B487-438A-91C1-9449986242E9}.Debug|iPhone.ActiveCfg = Debug|iPhone
		{DD53FFA6-B487-438A-91C1-9449986242E9}.Debug|iPhone.Build.0 = Debug|iPhone
		{DD53FFA6-B487-438A-91C1-9449986242E9}.Debug|iPhoneSimulator.ActiveCfg = Debug|iPhoneSimulator
		{DD53FFA6-B487-438A-91C1-9449986242E9}.Debug|iPhoneSimulator.Build.0 = Debug|iPhoneSimulator
		{DD53FFA6-B487-438A-91C1-9449986242E9}.Debug|x64.ActiveCfg = Debug|iPhone
		{DD53FFA6-B487-438A-91C1-9449986242E9}.Debug|x86.ActiveCfg = Debug|iPhone
		{DD53FFA6-B487-438A-91C1-9449986242E9}.Release|Any CPU.ActiveCfg = Release|iPhone
		{DD53FFA6-B487-438A-91C1-9449986242E9}.Release|ARM.ActiveCfg = Release|iPhone
		{DD53FFA6-B487-438A-91C1-9449986242E9}.Release|iPhone.ActiveCfg = Release|iPhone
		{DD53FFA6-B487-438A-91C1-9449986242E9}.Release|iPhone.Build.0 = Release|iPhone
		{DD53FFA6-B487-438A-91C1-9449986242E9}.Release|iPhoneSimulator.ActiveCfg = Release|iPhoneSimulator
		{DD53FFA6-B487-438A-91C1-9449986242E9}.Release|iPhoneSimulator.Build.0 = Release|iPhoneSimulator
		{DD53FFA6-B487-438A-91C1-9449986242E9}.Release|x64.ActiveCfg = Release|iPhone
		{DD53FFA6-B487-438A-91C1-9449986242E9}.Release|x86.ActiveCfg = Release|iPhone
		{4EAF6ABA-7CA4-4674-9E48-BEDFA3551BA4}.Ad-Hoc|Any CPU.ActiveCfg = Release|Any CPU
		{4EAF6ABA-7CA4-4674-9E48-BEDFA3551BA4}.Ad-Hoc|Any CPU.Build.0 = Release|Any CPU
		{4EAF6ABA-7CA4-4674-9E48-BEDFA3551BA4}.Ad-Hoc|Any CPU.Deploy.0 = Release|Any CPU
		{4EAF6ABA-7CA4-4674-9E48-BEDFA3551BA4}.Ad-Hoc|ARM.ActiveCfg = Release|ARM
		{4EAF6ABA-7CA4-4674-9E48-BEDFA3551BA4}.Ad-Hoc|ARM.Build.0 = Release|ARM
		{4EAF6ABA-7CA4-4674-9E48-BEDFA3551BA4}.Ad-Hoc|ARM.Deploy.0 = Release|ARM
		{4EAF6ABA-7CA4-4674-9E48-BEDFA3551BA4}.Ad-Hoc|iPhone.ActiveCfg = Release|Any CPU
		{4EAF6ABA-7CA4-4674-9E48-BEDFA3551BA4}.Ad-Hoc|iPhone.Build.0 = Release|Any CPU
		{4EAF6ABA-7CA4-4674-9E48-BEDFA3551BA4}.Ad-Hoc|iPhone.Deploy.0 = Release|Any CPU
		{4EAF6ABA-7CA4-4674-9E48-BEDFA3551BA4}.Ad-Hoc|iPhoneSimulator.ActiveCfg = Release|Any CPU
		{4EAF6ABA-7CA4-4674-9E48-BEDFA3551BA4}.Ad-Hoc|iPhoneSimulator.Build.0 = Release|Any CPU
		{4EAF6ABA-7CA4-4674-9E48-BEDFA3551BA4}.Ad-Hoc|iPhoneSimulator.Deploy.0 = Release|Any CPU
		{4EAF6ABA-7CA4-4674-9E48-BEDFA3551BA4}.Ad-Hoc|x64.ActiveCfg = Release|Any CPU
		{4EAF6ABA-7CA4-4674-9E48-BEDFA3551BA4}.Ad-Hoc|x64.Build.0 = Release|Any CPU
		{4EAF6ABA-7CA4-4674-9E48-BEDFA3551BA4}.Ad-Hoc|x64.Deploy.0 = Release|Any CPU
		{4EAF6ABA-7CA4-4674-9E48-BEDFA3551BA4}.Ad-Hoc|x86.ActiveCfg = Release|x86
		{4EAF6ABA-7CA4-4674-9E48-BEDFA3551BA4}.Ad-Hoc|x86.Build.0 = Release|x86
		{4EAF6ABA-7CA4-4674-9E48-BEDFA3551BA4}.Ad-Hoc|x86.Deploy.0 = Release|x86
		{4EAF6ABA-7CA4-4674-9E48-BEDFA3551BA4}.AppStore|Any CPU.ActiveCfg = Release|Any CPU
		{4EAF6ABA-7CA4-4674-9E48-BEDFA3551BA4}.AppStore|Any CPU.Build.0 = Release|Any CPU
		{4EAF6ABA-7CA4-4674-9E48-BEDFA3551BA4}.AppStore|Any CPU.Deploy.0 = Release|Any CPU
		{4EAF6ABA-7CA4-4674-9E48-BEDFA3551BA4}.AppStore|ARM.ActiveCfg = Release|ARM
		{4EAF6ABA-7CA4-4674-9E48-BEDFA3551BA4}.AppStore|ARM.Build.0 = Release|ARM
		{4EAF6ABA-7CA4-4674-9E48-BEDFA3551BA4}.AppStore|ARM.Deploy.0 = Release|ARM
		{4EAF6ABA-7CA4-4674-9E48-BEDFA3551BA4}.AppStore|iPhone.ActiveCfg = Release|Any CPU
		{4EAF6ABA-7CA4-4674-9E48-BEDFA3551BA4}.AppStore|iPhone.Build.0 = Release|Any CPU
		{4EAF6ABA-7CA4-4674-9E48-BEDFA3551BA4}.AppStore|iPhone.Deploy.0 = Release|Any CPU
		{4EAF6ABA-7CA4-4674-9E48-BEDFA3551BA4}.AppStore|iPhoneSimulator.ActiveCfg = Release|Any CPU
		{4EAF6ABA-7CA4-4674-9E48-BEDFA3551BA4}.AppStore|iPhoneSimulator.Build.0 = Release|Any CPU
		{4EAF6ABA-7CA4-4674-9E48-BEDFA3551BA4}.AppStore|iPhoneSimulator.Deploy.0 = Release|Any CPU
		{4EAF6ABA-7CA4-4674-9E48-BEDFA3551BA4}.AppStore|x64.ActiveCfg = Release|Any CPU
		{4EAF6ABA-7CA4-4674-9E48-BEDFA3551BA4}.AppStore|x64.Build.0 = Release|Any CPU
		{4EAF6ABA-7CA4-4674-9E48-BEDFA3551BA4}.AppStore|x64.Deploy.0 = Release|Any CPU
		{4EAF6ABA-7CA4-4674-9E48-BEDFA3551BA4}.AppStore|x86.ActiveCfg = Release|x86
		{4EAF6ABA-7CA4-4674-9E48-BEDFA3551BA4}.AppStore|x86.Build.0 = Release|x86
		{4EAF6ABA-7CA4-4674-9E48-BEDFA3551BA4}.AppStore|x86.Deploy.0 = Release|x86
		{4EAF6ABA-7CA4-4674-9E48-BEDFA3551BA4}.Debug|Any CPU.ActiveCfg = Debug|Any CPU
		{4EAF6ABA-7CA4-4674-9E48-BEDFA3551BA4}.Debug|Any CPU.Build.0 = Debug|Any CPU
		{4EAF6ABA-7CA4-4674-9E48-BEDFA3551BA4}.Debug|Any CPU.Deploy.0 = Debug|Any CPU
		{4EAF6ABA-7CA4-4674-9E48-BEDFA3551BA4}.Debug|ARM.ActiveCfg = Debug|ARM
		{4EAF6ABA-7CA4-4674-9E48-BEDFA3551BA4}.Debug|ARM.Build.0 = Debug|ARM
		{4EAF6ABA-7CA4-4674-9E48-BEDFA3551BA4}.Debug|ARM.Deploy.0 = Debug|ARM
		{4EAF6ABA-7CA4-4674-9E48-BEDFA3551BA4}.Debug|iPhone.ActiveCfg = Debug|Any CPU
		{4EAF6ABA-7CA4-4674-9E48-BEDFA3551BA4}.Debug|iPhone.Build.0 = Debug|Any CPU
		{4EAF6ABA-7CA4-4674-9E48-BEDFA3551BA4}.Debug|iPhone.Deploy.0 = Debug|Any CPU
		{4EAF6ABA-7CA4-4674-9E48-BEDFA3551BA4}.Debug|iPhoneSimulator.ActiveCfg = Debug|Any CPU
		{4EAF6ABA-7CA4-4674-9E48-BEDFA3551BA4}.Debug|iPhoneSimulator.Build.0 = Debug|Any CPU
		{4EAF6ABA-7CA4-4674-9E48-BEDFA3551BA4}.Debug|iPhoneSimulator.Deploy.0 = Debug|Any CPU
		{4EAF6ABA-7CA4-4674-9E48-BEDFA3551BA4}.Debug|x64.ActiveCfg = Debug|Any CPU
		{4EAF6ABA-7CA4-4674-9E48-BEDFA3551BA4}.Debug|x64.Build.0 = Debug|Any CPU
		{4EAF6ABA-7CA4-4674-9E48-BEDFA3551BA4}.Debug|x64.Deploy.0 = Debug|Any CPU
		{4EAF6ABA-7CA4-4674-9E48-BEDFA3551BA4}.Debug|x86.ActiveCfg = Debug|x86
		{4EAF6ABA-7CA4-4674-9E48-BEDFA3551BA4}.Debug|x86.Build.0 = Debug|x86
		{4EAF6ABA-7CA4-4674-9E48-BEDFA3551BA4}.Debug|x86.Deploy.0 = Debug|x86
		{4EAF6ABA-7CA4-4674-9E48-BEDFA3551BA4}.Release|Any CPU.ActiveCfg = Release|Any CPU
		{4EAF6ABA-7CA4-4674-9E48-BEDFA3551BA4}.Release|Any CPU.Build.0 = Release|Any CPU
		{4EAF6ABA-7CA4-4674-9E48-BEDFA3551BA4}.Release|Any CPU.Deploy.0 = Release|Any CPU
		{4EAF6ABA-7CA4-4674-9E48-BEDFA3551BA4}.Release|ARM.ActiveCfg = Release|ARM
		{4EAF6ABA-7CA4-4674-9E48-BEDFA3551BA4}.Release|ARM.Build.0 = Release|ARM
		{4EAF6ABA-7CA4-4674-9E48-BEDFA3551BA4}.Release|ARM.Deploy.0 = Release|ARM
		{4EAF6ABA-7CA4-4674-9E48-BEDFA3551BA4}.Release|iPhone.ActiveCfg = Release|Any CPU
		{4EAF6ABA-7CA4-4674-9E48-BEDFA3551BA4}.Release|iPhone.Build.0 = Release|Any CPU
		{4EAF6ABA-7CA4-4674-9E48-BEDFA3551BA4}.Release|iPhone.Deploy.0 = Release|Any CPU
		{4EAF6ABA-7CA4-4674-9E48-BEDFA3551BA4}.Release|iPhoneSimulator.ActiveCfg = Release|Any CPU
		{4EAF6ABA-7CA4-4674-9E48-BEDFA3551BA4}.Release|iPhoneSimulator.Build.0 = Release|Any CPU
		{4EAF6ABA-7CA4-4674-9E48-BEDFA3551BA4}.Release|iPhoneSimulator.Deploy.0 = Release|Any CPU
		{4EAF6ABA-7CA4-4674-9E48-BEDFA3551BA4}.Release|x64.ActiveCfg = Release|Any CPU
		{4EAF6ABA-7CA4-4674-9E48-BEDFA3551BA4}.Release|x64.Build.0 = Release|Any CPU
		{4EAF6ABA-7CA4-4674-9E48-BEDFA3551BA4}.Release|x64.Deploy.0 = Release|Any CPU
		{4EAF6ABA-7CA4-4674-9E48-BEDFA3551BA4}.Release|x86.ActiveCfg = Release|x86
		{4EAF6ABA-7CA4-4674-9E48-BEDFA3551BA4}.Release|x86.Build.0 = Release|x86
		{4EAF6ABA-7CA4-4674-9E48-BEDFA3551BA4}.Release|x86.Deploy.0 = Release|x86
		{2834B179-7FAD-4A8D-8F53-2EE8053F054A}.Ad-Hoc|Any CPU.ActiveCfg = Release|Any CPU
		{2834B179-7FAD-4A8D-8F53-2EE8053F054A}.Ad-Hoc|Any CPU.Build.0 = Release|Any CPU
		{2834B179-7FAD-4A8D-8F53-2EE8053F054A}.Ad-Hoc|Any CPU.Deploy.0 = Release|Any CPU
		{2834B179-7FAD-4A8D-8F53-2EE8053F054A}.Ad-Hoc|ARM.ActiveCfg = Release|ARM
		{2834B179-7FAD-4A8D-8F53-2EE8053F054A}.Ad-Hoc|ARM.Build.0 = Release|ARM
		{2834B179-7FAD-4A8D-8F53-2EE8053F054A}.Ad-Hoc|ARM.Deploy.0 = Release|ARM
		{2834B179-7FAD-4A8D-8F53-2EE8053F054A}.Ad-Hoc|iPhone.ActiveCfg = Release|Any CPU
		{2834B179-7FAD-4A8D-8F53-2EE8053F054A}.Ad-Hoc|iPhone.Build.0 = Release|Any CPU
		{2834B179-7FAD-4A8D-8F53-2EE8053F054A}.Ad-Hoc|iPhone.Deploy.0 = Release|Any CPU
		{2834B179-7FAD-4A8D-8F53-2EE8053F054A}.Ad-Hoc|iPhoneSimulator.ActiveCfg = Release|Any CPU
		{2834B179-7FAD-4A8D-8F53-2EE8053F054A}.Ad-Hoc|iPhoneSimulator.Build.0 = Release|Any CPU
		{2834B179-7FAD-4A8D-8F53-2EE8053F054A}.Ad-Hoc|iPhoneSimulator.Deploy.0 = Release|Any CPU
		{2834B179-7FAD-4A8D-8F53-2EE8053F054A}.Ad-Hoc|x64.ActiveCfg = Release|x64
		{2834B179-7FAD-4A8D-8F53-2EE8053F054A}.Ad-Hoc|x64.Build.0 = Release|x64
		{2834B179-7FAD-4A8D-8F53-2EE8053F054A}.Ad-Hoc|x64.Deploy.0 = Release|x64
		{2834B179-7FAD-4A8D-8F53-2EE8053F054A}.Ad-Hoc|x86.ActiveCfg = Release|x86
		{2834B179-7FAD-4A8D-8F53-2EE8053F054A}.Ad-Hoc|x86.Build.0 = Release|x86
		{2834B179-7FAD-4A8D-8F53-2EE8053F054A}.Ad-Hoc|x86.Deploy.0 = Release|x86
		{2834B179-7FAD-4A8D-8F53-2EE8053F054A}.AppStore|Any CPU.ActiveCfg = Release|Any CPU
		{2834B179-7FAD-4A8D-8F53-2EE8053F054A}.AppStore|Any CPU.Build.0 = Release|Any CPU
		{2834B179-7FAD-4A8D-8F53-2EE8053F054A}.AppStore|Any CPU.Deploy.0 = Release|Any CPU
		{2834B179-7FAD-4A8D-8F53-2EE8053F054A}.AppStore|ARM.ActiveCfg = Release|ARM
		{2834B179-7FAD-4A8D-8F53-2EE8053F054A}.AppStore|ARM.Build.0 = Release|ARM
		{2834B179-7FAD-4A8D-8F53-2EE8053F054A}.AppStore|ARM.Deploy.0 = Release|ARM
		{2834B179-7FAD-4A8D-8F53-2EE8053F054A}.AppStore|iPhone.ActiveCfg = Release|Any CPU
		{2834B179-7FAD-4A8D-8F53-2EE8053F054A}.AppStore|iPhone.Build.0 = Release|Any CPU
		{2834B179-7FAD-4A8D-8F53-2EE8053F054A}.AppStore|iPhone.Deploy.0 = Release|Any CPU
		{2834B179-7FAD-4A8D-8F53-2EE8053F054A}.AppStore|iPhoneSimulator.ActiveCfg = Release|Any CPU
		{2834B179-7FAD-4A8D-8F53-2EE8053F054A}.AppStore|iPhoneSimulator.Build.0 = Release|Any CPU
		{2834B179-7FAD-4A8D-8F53-2EE8053F054A}.AppStore|iPhoneSimulator.Deploy.0 = Release|Any CPU
		{2834B179-7FAD-4A8D-8F53-2EE8053F054A}.AppStore|x64.ActiveCfg = Release|x64
		{2834B179-7FAD-4A8D-8F53-2EE8053F054A}.AppStore|x64.Build.0 = Release|x64
		{2834B179-7FAD-4A8D-8F53-2EE8053F054A}.AppStore|x64.Deploy.0 = Release|x64
		{2834B179-7FAD-4A8D-8F53-2EE8053F054A}.AppStore|x86.ActiveCfg = Release|x86
		{2834B179-7FAD-4A8D-8F53-2EE8053F054A}.AppStore|x86.Build.0 = Release|x86
		{2834B179-7FAD-4A8D-8F53-2EE8053F054A}.AppStore|x86.Deploy.0 = Release|x86
		{2834B179-7FAD-4A8D-8F53-2EE8053F054A}.Debug|Any CPU.ActiveCfg = Debug|Any CPU
		{2834B179-7FAD-4A8D-8F53-2EE8053F054A}.Debug|Any CPU.Build.0 = Debug|Any CPU
		{2834B179-7FAD-4A8D-8F53-2EE8053F054A}.Debug|Any CPU.Deploy.0 = Debug|Any CPU
		{2834B179-7FAD-4A8D-8F53-2EE8053F054A}.Debug|ARM.ActiveCfg = Debug|ARM
		{2834B179-7FAD-4A8D-8F53-2EE8053F054A}.Debug|ARM.Build.0 = Debug|ARM
		{2834B179-7FAD-4A8D-8F53-2EE8053F054A}.Debug|ARM.Deploy.0 = Debug|ARM
		{2834B179-7FAD-4A8D-8F53-2EE8053F054A}.Debug|iPhone.ActiveCfg = Debug|Any CPU
		{2834B179-7FAD-4A8D-8F53-2EE8053F054A}.Debug|iPhone.Build.0 = Debug|Any CPU
		{2834B179-7FAD-4A8D-8F53-2EE8053F054A}.Debug|iPhone.Deploy.0 = Debug|Any CPU
		{2834B179-7FAD-4A8D-8F53-2EE8053F054A}.Debug|iPhoneSimulator.ActiveCfg = Debug|Any CPU
		{2834B179-7FAD-4A8D-8F53-2EE8053F054A}.Debug|iPhoneSimulator.Build.0 = Debug|Any CPU
		{2834B179-7FAD-4A8D-8F53-2EE8053F054A}.Debug|iPhoneSimulator.Deploy.0 = Debug|Any CPU
		{2834B179-7FAD-4A8D-8F53-2EE8053F054A}.Debug|x64.ActiveCfg = Debug|x64
		{2834B179-7FAD-4A8D-8F53-2EE8053F054A}.Debug|x64.Build.0 = Debug|x64
		{2834B179-7FAD-4A8D-8F53-2EE8053F054A}.Debug|x64.Deploy.0 = Debug|x64
		{2834B179-7FAD-4A8D-8F53-2EE8053F054A}.Debug|x86.ActiveCfg = Debug|x86
		{2834B179-7FAD-4A8D-8F53-2EE8053F054A}.Debug|x86.Build.0 = Debug|x86
		{2834B179-7FAD-4A8D-8F53-2EE8053F054A}.Debug|x86.Deploy.0 = Debug|x86
		{2834B179-7FAD-4A8D-8F53-2EE8053F054A}.Release|Any CPU.ActiveCfg = Release|Any CPU
		{2834B179-7FAD-4A8D-8F53-2EE8053F054A}.Release|Any CPU.Build.0 = Release|Any CPU
		{2834B179-7FAD-4A8D-8F53-2EE8053F054A}.Release|Any CPU.Deploy.0 = Release|Any CPU
		{2834B179-7FAD-4A8D-8F53-2EE8053F054A}.Release|ARM.ActiveCfg = Release|ARM
		{2834B179-7FAD-4A8D-8F53-2EE8053F054A}.Release|ARM.Build.0 = Release|ARM
		{2834B179-7FAD-4A8D-8F53-2EE8053F054A}.Release|ARM.Deploy.0 = Release|ARM
		{2834B179-7FAD-4A8D-8F53-2EE8053F054A}.Release|iPhone.ActiveCfg = Release|Any CPU
		{2834B179-7FAD-4A8D-8F53-2EE8053F054A}.Release|iPhone.Build.0 = Release|Any CPU
		{2834B179-7FAD-4A8D-8F53-2EE8053F054A}.Release|iPhone.Deploy.0 = Release|Any CPU
		{2834B179-7FAD-4A8D-8F53-2EE8053F054A}.Release|iPhoneSimulator.ActiveCfg = Release|Any CPU
		{2834B179-7FAD-4A8D-8F53-2EE8053F054A}.Release|iPhoneSimulator.Build.0 = Release|Any CPU
		{2834B179-7FAD-4A8D-8F53-2EE8053F054A}.Release|iPhoneSimulator.Deploy.0 = Release|Any CPU
		{2834B179-7FAD-4A8D-8F53-2EE8053F054A}.Release|x64.ActiveCfg = Release|x64
		{2834B179-7FAD-4A8D-8F53-2EE8053F054A}.Release|x64.Build.0 = Release|x64
		{2834B179-7FAD-4A8D-8F53-2EE8053F054A}.Release|x64.Deploy.0 = Release|x64
		{2834B179-7FAD-4A8D-8F53-2EE8053F054A}.Release|x86.ActiveCfg = Release|x86
		{2834B179-7FAD-4A8D-8F53-2EE8053F054A}.Release|x86.Build.0 = Release|x86
		{2834B179-7FAD-4A8D-8F53-2EE8053F054A}.Release|x86.Deploy.0 = Release|x86
	EndGlobalSection
	GlobalSection(SolutionProperties) = preSolution
		HideSolutionNode = FALSE
	EndGlobalSection
EndGlobal
